
Microsoft Visual Studio Solution File, Format Version 12.00
# Visual Studio Version 17
VisualStudioVersion = 17.7.34031.279
MinimumVisualStudioVersion = 10.0.40219.1
Project("{FAE04EC0-301F-11D3-BF4B-00C04F79EFBC}") = "connect4", "connect4.csproj", "{D98D164E-8A4B-4AEC-9534-462C3326F8F3}"
EndProject
Global
	GlobalSection(SolutionConfigurationPlatforms) = preSolution
		Debug|Any CPU = Debug|Any CPU
		Release|Any CPU = Release|Any CPU
	EndGlobalSection
	GlobalSection(ProjectConfigurationPlatforms) = postSolution
		{D98D164E-8A4B-4AEC-9534-462C3326F8F3}.Debug|Any CPU.ActiveCfg = Debug|Any CPU
		{D98D164E-8A4B-4AEC-9534-462C3326F8F3}.Debug|Any CPU.Build.0 = Debug|Any CPU
		{D98D164E-8A4B-4AEC-9534-462C3326F8F3}.Release|Any CPU.ActiveCfg = Release|Any CPU
		{D98D164E-8A4B-4AEC-9534-462C3326F8F3}.Release|Any CPU.Build.0 = Release|Any CPU
	EndGlobalSection
	GlobalSection(SolutionProperties) = preSolution
		HideSolutionNode = FALSE
	EndGlobalSection
	GlobalSection(ExtensibilityGlobals) = postSolution
		SolutionGuid = {DA038C1F-A74C-4E20-BC90-EA5DD89E8B42}
	EndGlobalSection
EndGlobal
